<?xml version="1.0" encoding="utf-8"?>
<Project ToolsVersion="4.0" xmlns="http://schemas.microsoft.com/developer/msbuild/2003">
  <ItemGroup>
    <Filter Include="소스 파일">
      <UniqueIdentifier>{4FC737F1-C7A5-4376-A066-2A32D752A2FF}</UniqueIdentifier>
      <Extensions>cpp;c;cc;cxx;def;odl;idl;hpj;bat;asm;asmx</Extensions>
    </Filter>
    <Filter Include="헤더 파일">
      <UniqueIdentifier>{93995380-89BD-4b04-88EB-625FBE52EBFB}</UniqueIdentifier>
      <Extensions>h;hh;hpp;hxx;hm;inl;inc;xsd</Extensions>
    </Filter>
    <Filter Include="리소스 파일">
      <UniqueIdentifier>{67DA6AB6-F800-4c08-8B7A-83BB121AAD01}</UniqueIdentifier>
      <Extensions>rc;ico;cur;bmp;dlg;rc2;rct;bin;rgs;gif;jpg;jpeg;jpe;resx;tiff;tif;png;wav;mfcribbon-ms</Extensions>
    </Filter>
    <Filter Include="헤더 파일\Drawing_Tools">
      <UniqueIdentifier>{be1b15d4-63bb-425c-84f5-fb741d71f155}</UniqueIdentifier>
    </Filter>
    <Filter Include="소스 파일\Drawing_Tools">
      <UniqueIdentifier>{970808de-0c2d-4044-a9ec-4858569ea090}</UniqueIdentifier>
    </Filter>
  </ItemGroup>
  <ItemGroup>
    <Text Include="ReadMe.txt" />
  </ItemGroup>
  <ItemGroup>
    <ClInclude Include="MIDAS_APP_SW_5_CLASSDGR.h">
      <Filter>헤더 파일</Filter>
    </ClInclude>
    <ClInclude Include="stdafx.h">
      <Filter>헤더 파일</Filter>
    </ClInclude>
    <ClInclude Include="targetver.h">
      <Filter>헤더 파일</Filter>
    </ClInclude>
    <ClInclude Include="MainFrm.h">
      <Filter>헤더 파일</Filter>
    </ClInclude>
    <ClInclude Include="ChildFrm.h">
      <Filter>헤더 파일</Filter>
    </ClInclude>
    <ClInclude Include="MIDAS_APP_SW_5_CLASSDGRDoc.h">
      <Filter>헤더 파일</Filter>
    </ClInclude>
    <ClInclude Include="MIDAS_APP_SW_5_CLASSDGRView.h">
      <Filter>헤더 파일</Filter>
    </ClInclude>
    <ClInclude Include="Resource.h">
      <Filter>헤더 파일</Filter>
    </ClInclude>
    <ClInclude Include="Brushs.h">
      <Filter>헤더 파일\Drawing_Tools</Filter>
    </ClInclude>
    <ClInclude Include="Line.h">
      <Filter>헤더 파일\Drawing_Tools</Filter>
    </ClInclude>
    <ClInclude Include="M_Polygon.h">
      <Filter>헤더 파일\Drawing_Tools</Filter>
    </ClInclude>
    <ClInclude Include="mRectangle.h">
      <Filter>헤더 파일\Drawing_Tools</Filter>
    </ClInclude>
  </ItemGroup>
  <ItemGroup>
    <ClCompile Include="MIDAS_APP_SW_5_CLASSDGR.cpp">
      <Filter>소스 파일</Filter>
    </ClCompile>
    <ClCompile Include="stdafx.cpp">
      <Filter>소스 파일</Filter>
    </ClCompile>
    <ClCompile Include="MainFrm.cpp">
      <Filter>소스 파일</Filter>
    </ClCompile>
    <ClCompile Include="ChildFrm.cpp">
      <Filter>소스 파일</Filter>
    </ClCompile>
    <ClCompile Include="MIDAS_APP_SW_5_CLASSDGRDoc.cpp">
      <Filter>소스 파일</Filter>
    </ClCompile>
    <ClCompile Include="MIDAS_APP_SW_5_CLASSDGRView.cpp">
      <Filter>소스 파일</Filter>
    </ClCompile>
    <ClCompile Include="Brushs.cpp">
      <Filter>소스 파일\Drawing_Tools</Filter>
    </ClCompile>
    <ClCompile Include="Line.cpp">
      <Filter>소스 파일\Drawing_Tools</Filter>
    </ClCompile>
    <ClCompile Include="M_Polygon.cpp">
      <Filter>소스 파일\Drawing_Tools</Filter>
    </ClCompile>
    <ClCompile Include="mRectangle.cpp">
      <Filter>소스 파일\Drawing_Tools</Filter>
    </ClCompile>
  </ItemGroup>
  <ItemGroup>
    <ResourceCompile Include="MIDAS_APP_SW_5_CLASSDGR.rc">
      <Filter>리소스 파일</Filter>
    </ResourceCompile>
  </ItemGroup>
  <ItemGroup>
    <None Include="res\MIDAS_APP_SW_5_CLASSDGR.rc2">
      <Filter>리소스 파일</Filter>
    </None>
  </ItemGroup>
  <ItemGroup>
    <Image Include="res\MIDAS_APP_SW_5_CLASSDGRDoc.ico">
      <Filter>리소스 파일</Filter>
    </Image>
    <Image Include="res\MIDAS_APP_SW_5_CLASSDGR.ico">
      <Filter>리소스 파일</Filter>
    </Image>
    <Image Include="res\Toolbar.bmp">
      <Filter>리소스 파일</Filter>
    </Image>
    <Image Include="res\toolbar1.bmp">
      <Filter>리소스 파일</Filter>
    </Image>
  </ItemGroup>
</Project>